
Microsoft Visual Studio Solution File, Format Version 12.00
# Visual Studio Version 16
VisualStudioVersion = 16.0.30611.23
MinimumVisualStudioVersion = 10.0.40219.1
Project("{FAE04EC0-301F-11D3-BF4B-00C04F79EFBC}") = "LockiproTest", "LockiproTest.csproj", "{83642331-E08A-4D62-A8BA-CA6C2C61F7E3}"
EndProject
Global
	GlobalSection(SolutionConfigurationPlatforms) = preSolution
		Debug|Any CPU = Debug|Any CPU
		Release|Any CPU = Release|Any CPU
	EndGlobalSection
	GlobalSection(ProjectConfigurationPlatforms) = postSolution
		{83642331-E08A-4D62-A8BA-CA6C2C61F7E3}.Debug|Any CPU.ActiveCfg = Debug|Any CPU
		{83642331-E08A-4D62-A8BA-CA6C2C61F7E3}.Debug|Any CPU.Build.0 = Debug|Any CPU
		{83642331-E08A-4D62-A8BA-CA6C2C61F7E3}.Release|Any CPU.ActiveCfg = Release|Any CPU
		{83642331-E08A-4D62-A8BA-CA6C2C61F7E3}.Release|Any CPU.Build.0 = Release|Any CPU
	EndGlobalSection
	GlobalSection(SolutionProperties) = preSolution
		HideSolutionNode = FALSE
	EndGlobalSection
	GlobalSection(ExtensibilityGlobals) = postSolution
		SolutionGuid = {5B689AC2-7246-4568-85E5-BABF9BA854D1}
	EndGlobalSection
EndGlobal
